// !$*UTF8*$!
{
	archiveVersion = 1;
	classes = {
	};
	objectVersion = 56;
	objects = {

/* Begin PBXBuildFile section */
		BC47FF352A206311005886FE /* Planetary_PaparazziApp.swift in Sources */ = {isa = PBXBuildFile; fileRef = BC47FF342A206311005886FE /* Planetary_PaparazziApp.swift */; };
		BC47FF372A206311005886FE /* ContentView.swift in Sources */ = {isa = PBXBuildFile; fileRef = BC47FF362A206311005886FE /* ContentView.swift */; };
		BC47FF392A206313005886FE /* Assets.xcassets in Resources */ = {isa = PBXBuildFile; fileRef = BC47FF382A206313005886FE /* Assets.xcassets */; };
		BC47FF3C2A206313005886FE /* Preview Assets.xcassets in Resources */ = {isa = PBXBuildFile; fileRef = BC47FF3B2A206313005886FE /* Preview Assets.xcassets */; };
		BC47FF452A2063F9005886FE /* WaterfallView.swift in Sources */ = {isa = PBXBuildFile; fileRef = BC47FF442A2063F9005886FE /* WaterfallView.swift */; };
		BC47FF472A20643A005886FE /* SettingsView.swift in Sources */ = {isa = PBXBuildFile; fileRef = BC47FF462A20643A005886FE /* SettingsView.swift */; };
		BC47FF492A206462005886FE /* ModalView.swift in Sources */ = {isa = PBXBuildFile; fileRef = BC47FF482A206462005886FE /* ModalView.swift */; };
		BC47FF4C2A20649B005886FE /* Result.swift in Sources */ = {isa = PBXBuildFile; fileRef = BC47FF4B2A20649B005886FE /* Result.swift */; };
		BC47FF4E2A20650E005886FE /* Request.swift in Sources */ = {isa = PBXBuildFile; fileRef = BC47FF4D2A20650E005886FE /* Request.swift */; };
		BC47FF502A2065C2005886FE /* UserData.swift in Sources */ = {isa = PBXBuildFile; fileRef = BC47FF4F2A2065C2005886FE /* UserData.swift */; };
		BC47FF522A206601005886FE /* UserSetting.swift in Sources */ = {isa = PBXBuildFile; fileRef = BC47FF512A206601005886FE /* UserSetting.swift */; };
		BC47FF542A206628005886FE /* UserDefaults.swift in Sources */ = {isa = PBXBuildFile; fileRef = BC47FF532A206628005886FE /* UserDefaults.swift */; };
		BC47FF572A2067DE005886FE /* AsyncImage.swift in Sources */ = {isa = PBXBuildFile; fileRef = BC47FF562A2067DE005886FE /* AsyncImage.swift */; };
		BC47FF592A206883005886FE /* WebView.swift in Sources */ = {isa = PBXBuildFile; fileRef = BC47FF582A206883005886FE /* WebView.swift */; };
		BC47FF5B2A2068B2005886FE /* WfHeader.swift in Sources */ = {isa = PBXBuildFile; fileRef = BC47FF5A2A2068B2005886FE /* WfHeader.swift */; };
		BC47FF5D2A2068D7005886FE /* WfCard.swift in Sources */ = {isa = PBXBuildFile; fileRef = BC47FF5C2A2068D7005886FE /* WfCard.swift */; };
		BC47FF5F2A206973005886FE /* WfLoadList.swift in Sources */ = {isa = PBXBuildFile; fileRef = BC47FF5E2A206973005886FE /* WfLoadList.swift */; };
		BC47FF612A2069B6005886FE /* TextEditor.swift in Sources */ = {isa = PBXBuildFile; fileRef = BC47FF602A2069B6005886FE /* TextEditor.swift */; };
		BC47FF632A2069E4005886FE /* Placeholder.swift in Sources */ = {isa = PBXBuildFile; fileRef = BC47FF622A2069E4005886FE /* Placeholder.swift */; };
		BC47FF662A206A1D005886FE /* Background.swift in Sources */ = {isa = PBXBuildFile; fileRef = BC47FF652A206A1D005886FE /* Background.swift */; };
		BC47FF682A207033005886FE /* Launch Screen.storyboard in Resources */ = {isa = PBXBuildFile; fileRef = BC47FF672A207033005886FE /* Launch Screen.storyboard */; };
		BC47FF6A2A2070D9005886FE /* SplashView.swift in Sources */ = {isa = PBXBuildFile; fileRef = BC47FF692A2070D9005886FE /* SplashView.swift */; };
/* End PBXBuildFile section */

/* Begin PBXFileReference section */
		BC47FF312A206311005886FE /* Planetary Paparazzi.app */ = {isa = PBXFileReference; explicitFileType = wrapper.application; includeInIndex = 0; path = "Planetary Paparazzi.app"; sourceTree = BUILT_PRODUCTS_DIR; };
		BC47FF342A206311005886FE /* Planetary_PaparazziApp.swift */ = {isa = PBXFileReference; lastKnownFileType = sourcecode.swift; path = Planetary_PaparazziApp.swift; sourceTree = "<group>"; };
		BC47FF362A206311005886FE /* ContentView.swift */ = {isa = PBXFileReference; lastKnownFileType = sourcecode.swift; path = ContentView.swift; sourceTree = "<group>"; };
		BC47FF382A206313005886FE /* Assets.xcassets */ = {isa = PBXFileReference; lastKnownFileType = folder.assetcatalog; path = Assets.xcassets; sourceTree = "<group>"; };
		BC47FF3B2A206313005886FE /* Preview Assets.xcassets */ = {isa = PBXFileReference; lastKnownFileType = folder.assetcatalog; path = "Preview Assets.xcassets"; sourceTree = "<group>"; };
		BC47FF442A2063F9005886FE /* WaterfallView.swift */ = {isa = PBXFileReference; lastKnownFileType = sourcecode.swift; path = WaterfallView.swift; sourceTree = "<group>"; };
		BC47FF462A20643A005886FE /* SettingsView.swift */ = {isa = PBXFileReference; lastKnownFileType = sourcecode.swift; path = SettingsView.swift; sourceTree = "<group>"; };
		BC47FF482A206462005886FE /* ModalView.swift */ = {isa = PBXFileReference; lastKnownFileType = sourcecode.swift; path = ModalView.swift; sourceTree = "<group>"; };
		BC47FF4B2A20649B005886FE /* Result.swift */ = {isa = PBXFileReference; lastKnownFileType = sourcecode.swift; path = Result.swift; sourceTree = "<group>"; };
		BC47FF4D2A20650E005886FE /* Request.swift */ = {isa = PBXFileReference; lastKnownFileType = sourcecode.swift; path = Request.swift; sourceTree = "<group>"; };
		BC47FF4F2A2065C2005886FE /* UserData.swift */ = {isa = PBXFileReference; lastKnownFileType = sourcecode.swift; path = UserData.swift; sourceTree = "<group>"; };
		BC47FF512A206601005886FE /* UserSetting.swift */ = {isa = PBXFileReference; lastKnownFileType = sourcecode.swift; path = UserSetting.swift; sourceTree = "<group>"; };
		BC47FF532A206628005886FE /* UserDefaults.swift */ = {isa = PBXFileReference; lastKnownFileType = sourcecode.swift; path = UserDefaults.swift; sourceTree = "<group>"; };
		BC47FF562A2067DE005886FE /* AsyncImage.swift */ = {isa = PBXFileReference; lastKnownFileType = sourcecode.swift; path = AsyncImage.swift; sourceTree = "<group>"; };
		BC47FF582A206883005886FE /* WebView.swift */ = {isa = PBXFileReference; lastKnownFileType = sourcecode.swift; path = WebView.swift; sourceTree = "<group>"; };
		BC47FF5A2A2068B2005886FE /* WfHeader.swift */ = {isa = PBXFileReference; lastKnownFileType = sourcecode.swift; path = WfHeader.swift; sourceTree = "<group>"; };
		BC47FF5C2A2068D7005886FE /* WfCard.swift */ = {isa = PBXFileReference; lastKnownFileType = sourcecode.swift; path = WfCard.swift; sourceTree = "<group>"; };
		BC47FF5E2A206973005886FE /* WfLoadList.swift */ = {isa = PBXFileReference; lastKnownFileType = sourcecode.swift; path = WfLoadList.swift; sourceTree = "<group>"; };
		BC47FF602A2069B6005886FE /* TextEditor.swift */ = {isa = PBXFileReference; lastKnownFileType = sourcecode.swift; path = TextEditor.swift; sourceTree = "<group>"; };
		BC47FF622A2069E4005886FE /* Placeholder.swift */ = {isa = PBXFileReference; lastKnownFileType = sourcecode.swift; path = Placeholder.swift; sourceTree = "<group>"; };
		BC47FF652A206A1D005886FE /* Background.swift */ = {isa = PBXFileReference; lastKnownFileType = sourcecode.swift; path = Background.swift; sourceTree = "<group>"; };
		BC47FF672A207033005886FE /* Launch Screen.storyboard */ = {isa = PBXFileReference; lastKnownFileType = file.storyboard; path = "Launch Screen.storyboard"; sourceTree = "<group>"; };
		BC47FF692A2070D9005886FE /* SplashView.swift */ = {isa = PBXFileReference; lastKnownFileType = sourcecode.swift; path = SplashView.swift; sourceTree = "<group>"; };
		BC47FF6E2A207775005886FE /* ZilapOrionPersonalUseFuturistic-DzA3.ttf */ = {isa = PBXFileReference; lastKnownFileType = file; path = "ZilapOrionPersonalUseFuturistic-DzA3.ttf"; sourceTree = "<group>"; };
/* End PBXFileReference section */

/* Begin PBXFrameworksBuildPhase section */
		BC47FF2E2A206311005886FE /* Frameworks */ = {
			isa = PBXFrameworksBuildPhase;
			buildActionMask = 2147483647;
			files = (
			);
			runOnlyForDeploymentPostprocessing = 0;
		};
/* End PBXFrameworksBuildPhase section */

/* Begin PBXGroup section */
		BC47FF282A206311005886FE = {
			isa = PBXGroup;
			children = (
				BC47FF332A206311005886FE /* Planetary Paparazzi */,
				BC47FF322A206311005886FE /* Products */,
			);
			sourceTree = "<group>";
		};
		BC47FF322A206311005886FE /* Products */ = {
			isa = PBXGroup;
			children = (
				BC47FF312A206311005886FE /* Planetary Paparazzi.app */,
			);
			name = Products;
			sourceTree = "<group>";
		};
		BC47FF332A206311005886FE /* Planetary Paparazzi */ = {
			isa = PBXGroup;
			children = (
				BC47FF342A206311005886FE /* Planetary_PaparazziApp.swift */,
				BC47FF4A2A20648C005886FE /* Models */,
				BC47FF432A2063EA005886FE /* Views */,
				BC47FF552A2067C6005886FE /* Components */,
				BC47FF382A206313005886FE /* Assets.xcassets */,
				BC47FF6D2A207763005886FE /* Font */,
				BC47FF3A2A206313005886FE /* Preview Content */,
				BC47FF672A207033005886FE /* Launch Screen.storyboard */,
			);
			path = "Planetary Paparazzi";
			sourceTree = "<group>";
		};
		BC47FF3A2A206313005886FE /* Preview Content */ = {
			isa = PBXGroup;
			children = (
				BC47FF3B2A206313005886FE /* Preview Assets.xcassets */,
			);
			path = "Preview Content";
			sourceTree = "<group>";
		};
		BC47FF432A2063EA005886FE /* Views */ = {
			isa = PBXGroup;
			children = (
				BC47FF362A206311005886FE /* ContentView.swift */,
				BC47FF462A20643A005886FE /* SettingsView.swift */,
				BC47FF482A206462005886FE /* ModalView.swift */,
				BC47FF692A2070D9005886FE /* SplashView.swift */,
				BC47FF442A2063F9005886FE /* WaterfallView.swift */,
			);
			path = Views;
			sourceTree = "<group>";
		};
		BC47FF4A2A20648C005886FE /* Models */ = {
			isa = PBXGroup;
			children = (
				BC47FF4B2A20649B005886FE /* Result.swift */,
				BC47FF4D2A20650E005886FE /* Request.swift */,
				BC47FF4F2A2065C2005886FE /* UserData.swift */,
				BC47FF512A206601005886FE /* UserSetting.swift */,
				BC47FF532A206628005886FE /* UserDefaults.swift */,
			);
			path = Models;
			sourceTree = "<group>";
		};
		BC47FF552A2067C6005886FE /* Components */ = {
			isa = PBXGroup;
			children = (
				BC47FF562A2067DE005886FE /* AsyncImage.swift */,
				BC47FF582A206883005886FE /* WebView.swift */,
				BC47FF5A2A2068B2005886FE /* WfHeader.swift */,
				BC47FF5C2A2068D7005886FE /* WfCard.swift */,
				BC47FF5E2A206973005886FE /* WfLoadList.swift */,
				BC47FF602A2069B6005886FE /* TextEditor.swift */,
				BC47FF622A2069E4005886FE /* Placeholder.swift */,
				BC47FF652A206A1D005886FE /* Background.swift */,
			);
			path = Components;
			sourceTree = "<group>";
		};
		BC47FF6D2A207763005886FE /* Font */ = {
			isa = PBXGroup;
			children = (
				BC47FF6E2A207775005886FE /* ZilapOrionPersonalUseFuturistic-DzA3.ttf */,
			);
			path = Font;
			sourceTree = "<group>";
		};
/* End PBXGroup section */

/* Begin PBXNativeTarget section */
		BC47FF302A206311005886FE /* Planetary Paparazzi */ = {
			isa = PBXNativeTarget;
			buildConfigurationList = BC47FF3F2A206313005886FE /* Build configuration list for PBXNativeTarget "Planetary Paparazzi" */;
			buildPhases = (
				BC47FF2D2A206311005886FE /* Sources */,
				BC47FF2E2A206311005886FE /* Frameworks */,
				BC47FF2F2A206311005886FE /* Resources */,
			);
			buildRules = (
			);
			dependencies = (
			);
			name = "Planetary Paparazzi";
			productName = "Planetary Paparazzi";
			productReference = BC47FF312A206311005886FE /* Planetary Paparazzi.app */;
			productType = "com.apple.product-type.application";
		};
/* End PBXNativeTarget section */

/* Begin PBXProject section */
		BC47FF292A206311005886FE /* Project object */ = {
			isa = PBXProject;
			attributes = {
				BuildIndependentTargetsInParallel = 1;
				LastSwiftUpdateCheck = 1430;
				LastUpgradeCheck = 1430;
				TargetAttributes = {
					BC47FF302A206311005886FE = {
						CreatedOnToolsVersion = 14.3;
					};
				};
			};
			buildConfigurationList = BC47FF2C2A206311005886FE /* Build configuration list for PBXProject "Planetary Paparazzi" */;
			compatibilityVersion = "Xcode 14.0";
			developmentRegion = en;
			hasScannedForEncodings = 0;
			knownRegions = (
				en,
				Base,
			);
			mainGroup = BC47FF282A206311005886FE;
			productRefGroup = BC47FF322A206311005886FE /* Products */;
			projectDirPath = "";
			projectRoot = "";
			targets = (
				BC47FF302A206311005886FE /* Planetary Paparazzi */,
			);
		};
/* End PBXProject section */

/* Begin PBXResourcesBuildPhase section */
		BC47FF2F2A206311005886FE /* Resources */ = {
			isa = PBXResourcesBuildPhase;
			buildActionMask = 2147483647;
			files = (
				BC47FF682A207033005886FE /* Launch Screen.storyboard in Resources */,
				BC47FF3C2A206313005886FE /* Preview Assets.xcassets in Resources */,
				BC47FF392A206313005886FE /* Assets.xcassets in Resources */,
			);
			runOnlyForDeploymentPostprocessing = 0;
		};
/* End PBXResourcesBuildPhase section */

/* Begin PBXSourcesBuildPhase section */
		BC47FF2D2A206311005886FE /* Sources */ = {
			isa = PBXSourcesBuildPhase;
			buildActionMask = 2147483647;
			files = (
				BC47FF572A2067DE005886FE /* AsyncImage.swift in Sources */,
				BC47FF522A206601005886FE /* UserSetting.swift in Sources */,
				BC47FF5B2A2068B2005886FE /* WfHeader.swift in Sources */,
				BC47FF4C2A20649B005886FE /* Result.swift in Sources */,
				BC47FF452A2063F9005886FE /* WaterfallView.swift in Sources */,
				BC47FF662A206A1D005886FE /* Background.swift in Sources */,
				BC47FF502A2065C2005886FE /* UserData.swift in Sources */,
				BC47FF472A20643A005886FE /* SettingsView.swift in Sources */,
				BC47FF612A2069B6005886FE /* TextEditor.swift in Sources */,
				BC47FF372A206311005886FE /* ContentView.swift in Sources */,
				BC47FF4E2A20650E005886FE /* Request.swift in Sources */,
				BC47FF542A206628005886FE /* UserDefaults.swift in Sources */,
				BC47FF5D2A2068D7005886FE /* WfCard.swift in Sources */,
				BC47FF6A2A2070D9005886FE /* SplashView.swift in Sources */,
				BC47FF592A206883005886FE /* WebView.swift in Sources */,
				BC47FF5F2A206973005886FE /* WfLoadList.swift in Sources */,
				BC47FF352A206311005886FE /* Planetary_PaparazziApp.swift in Sources */,
				BC47FF492A206462005886FE /* ModalView.swift in Sources */,
				BC47FF632A2069E4005886FE /* Placeholder.swift in Sources */,
			);
			runOnlyForDeploymentPostprocessing = 0;
		};
/* End PBXSourcesBuildPhase section */

/* Begin XCBuildConfiguration section */
		BC47FF3D2A206313005886FE /* Debug */ = {
			isa = XCBuildConfiguration;
			buildSettings = {
				ALWAYS_SEARCH_USER_PATHS = NO;
				CLANG_ANALYZER_NONNULL = YES;
				CLANG_ANALYZER_NUMBER_OBJECT_CONVERSION = YES_AGGRESSIVE;
				CLANG_CXX_LANGUAGE_STANDARD = "gnu++20";
				CLANG_ENABLE_MODULES = YES;
				CLANG_ENABLE_OBJC_ARC = YES;
				CLANG_ENABLE_OBJC_WEAK = YES;
				CLANG_WARN_BLOCK_CAPTURE_AUTORELEASING = YES;
				CLANG_WARN_BOOL_CONVERSION = YES;
				CLANG_WARN_COMMA = YES;
				CLANG_WARN_CONSTANT_CONVERSION = YES;
				CLANG_WARN_DEPRECATED_OBJC_IMPLEMENTATIONS = YES;
				CLANG_WARN_DIRECT_OBJC_ISA_USAGE = YES_ERROR;
				CLANG_WARN_DOCUMENTATION_COMMENTS = YES;
				CLANG_WARN_EMPTY_BODY = YES;
				CLANG_WARN_ENUM_CONVERSION = YES;
				CLANG_WARN_INFINITE_RECURSION = YES;
				CLANG_WARN_INT_CONVERSION = YES;
				CLANG_WARN_NON_LITERAL_NULL_CONVERSION = YES;
				CLANG_WARN_OBJC_IMPLICIT_RETAIN_SELF = YES;
				CLANG_WARN_OBJC_LITERAL_CONVERSION = YES;
				CLANG_WARN_OBJC_ROOT_CLASS = YES_ERROR;
				CLANG_WARN_QUOTED_INCLUDE_IN_FRAMEWORK_HEADER = YES;
				CLANG_WARN_RANGE_LOOP_ANALYSIS = YES;
				CLANG_WARN_STRICT_PROTOTYPES = YES;
				CLANG_WARN_SUSPICIOUS_MOVE = YES;
				CLANG_WARN_UNGUARDED_AVAILABILITY = YES_AGGRESSIVE;
				CLANG_WARN_UNREACHABLE_CODE = YES;
				CLANG_WARN__DUPLICATE_METHOD_MATCH = YES;
				COPY_PHASE_STRIP = NO;
				DEBUG_INFORMATION_FORMAT = dwarf;
				ENABLE_STRICT_OBJC_MSGSEND = YES;
				ENABLE_TESTABILITY = YES;
				GCC_C_LANGUAGE_STANDARD = gnu11;
				GCC_DYNAMIC_NO_PIC = NO;
				GCC_NO_COMMON_BLOCKS = YES;
				GCC_OPTIMIZATION_LEVEL = 0;
				GCC_PREPROCESSOR_DEFINITIONS = (
					"DEBUG=1",
					"$(inherited)",
				);
				GCC_WARN_64_TO_32_BIT_CONVERSION = YES;
				GCC_WARN_ABOUT_RETURN_TYPE = YES_ERROR;
				GCC_WARN_UNDECLARED_SELECTOR = YES;
				GCC_WARN_UNINITIALIZED_AUTOS = YES_AGGRESSIVE;
				GCC_WARN_UNUSED_FUNCTION = YES;
				GCC_WARN_UNUSED_VARIABLE = YES;
				IPHONEOS_DEPLOYMENT_TARGET = 16.4;
				MTL_ENABLE_DEBUG_INFO = INCLUDE_SOURCE;
				MTL_FAST_MATH = YES;
				ONLY_ACTIVE_ARCH = YES;
				SDKROOT = iphoneos;
				SWIFT_ACTIVE_COMPILATION_CONDITIONS = DEBUG;
				SWIFT_OPTIMIZATION_LEVEL = "-Onone";
			};
			name = Debug;
		};
		BC47FF3E2A206313005886FE /* Release */ = {
			isa = XCBuildConfiguration;
			buildSettings = {
				ALWAYS_SEARCH_USER_PATHS = NO;
				CLANG_ANALYZER_NONNULL = YES;
				CLANG_ANALYZER_NUMBER_OBJECT_CONVERSION = YES_AGGRESSIVE;
				CLANG_CXX_LANGUAGE_STANDARD = "gnu++20";
				CLANG_ENABLE_MODULES = YES;
				CLANG_ENABLE_OBJC_ARC = YES;
				CLANG_ENABLE_OBJC_WEAK = YES;
				CLANG_WARN_BLOCK_CAPTURE_AUTORELEASING = YES;
				CLANG_WARN_BOOL_CONVERSION = YES;
				CLANG_WARN_COMMA = YES;
				CLANG_WARN_CONSTANT_CONVERSION = YES;
				CLANG_WARN_DEPRECATED_OBJC_IMPLEMENTATIONS = YES;
				CLANG_WARN_DIRECT_OBJC_ISA_USAGE = YES_ERROR;
				CLANG_WARN_DOCUMENTATION_COMMENTS = YES;
				CLANG_WARN_EMPTY_BODY = YES;
				CLANG_WARN_ENUM_CONVERSION = YES;
				CLANG_WARN_INFINITE_RECURSION = YES;
				CLANG_WARN_INT_CONVERSION = YES;
				CLANG_WARN_NON_LITERAL_NULL_CONVERSION = YES;
				CLANG_WARN_OBJC_IMPLICIT_RETAIN_SELF = YES;
				CLANG_WARN_OBJC_LITERAL_CONVERSION = YES;
				CLANG_WARN_OBJC_ROOT_CLASS = YES_ERROR;
				CLANG_WARN_QUOTED_INCLUDE_IN_FRAMEWORK_HEADER = YES;
				CLANG_WARN_RANGE_LOOP_ANALYSIS = YES;
				CLANG_WARN_STRICT_PROTOTYPES = YES;
				CLANG_WARN_SUSPICIOUS_MOVE = YES;
				CLANG_WARN_UNGUARDED_AVAILABILITY = YES_AGGRESSIVE;
				CLANG_WARN_UNREACHABLE_CODE = YES;
				CLANG_WARN__DUPLICATE_METHOD_MATCH = YES;
				COPY_PHASE_STRIP = NO;
				DEBUG_INFORMATION_FORMAT = "dwarf-with-dsym";
				ENABLE_NS_ASSERTIONS = NO;
				ENABLE_STRICT_OBJC_MSGSEND = YES;
				GCC_C_LANGUAGE_STANDARD = gnu11;
				GCC_NO_COMMON_BLOCKS = YES;
				GCC_WARN_64_TO_32_BIT_CONVERSION = YES;
				GCC_WARN_ABOUT_RETURN_TYPE = YES_ERROR;
				GCC_WARN_UNDECLARED_SELECTOR = YES;
				GCC_WARN_UNINITIALIZED_AUTOS = YES_AGGRESSIVE;
				GCC_WARN_UNUSED_FUNCTION = YES;
				GCC_WARN_UNUSED_VARIABLE = YES;
				IPHONEOS_DEPLOYMENT_TARGET = 16.4;
				MTL_ENABLE_DEBUG_INFO = NO;
				MTL_FAST_MATH = YES;
				SDKROOT = iphoneos;
				SWIFT_COMPILATION_MODE = wholemodule;
				SWIFT_OPTIMIZATION_LEVEL = "-O";
				VALIDATE_PRODUCT = YES;
			};
			name = Release;
		};
		BC47FF402A206313005886FE /* Debug */ = {
			isa = XCBuildConfiguration;
			buildSettings = {
				ASSETCATALOG_COMPILER_APPICON_NAME = AppIcon;
				ASSETCATALOG_COMPILER_GLOBAL_ACCENT_COLOR_NAME = AccentColor;
				CODE_SIGN_STYLE = Automatic;
				CURRENT_PROJECT_VERSION = 1;
				DEVELOPMENT_ASSET_PATHS = "\"Planetary Paparazzi/Preview Content\"";
				DEVELOPMENT_TEAM = 79R644N9YX;
				ENABLE_PREVIEWS = YES;
				GENERATE_INFOPLIST_FILE = YES;
				INFOPLIST_FILE = "Planetary-Paparazzi-Info.plist";
				INFOPLIST_KEY_CFBundleDisplayName = "Planetary Paparazzi";
				INFOPLIST_KEY_UIApplicationSceneManifest_Generation = YES;
				INFOPLIST_KEY_UIApplicationSupportsIndirectInputEvents = YES;
				INFOPLIST_KEY_UILaunchScreen_Generation = YES;
				INFOPLIST_KEY_UISupportedInterfaceOrientations = UIInterfaceOrientationPortrait;
				INFOPLIST_KEY_UISupportedInterfaceOrientations_iPad = "UIInterfaceOrientationLandscapeLeft UIInterfaceOrientationLandscapeRight UIInterfaceOrientationPortrait UIInterfaceOrientationPortraitUpsideDown";
				LD_RUNPATH_SEARCH_PATHS = (
					"$(inherited)",
					"@executable_path/Frameworks",
				);
				MARKETING_VERSION = 1.0;
				PRODUCT_BUNDLE_IDENTIFIER = "jasuchicago.Planetary-Paparazzi";
				PRODUCT_NAME = "$(TARGET_NAME)";
				SUPPORTED_PLATFORMS = "iphoneos iphonesimulator";
				SUPPORTS_MACCATALYST = NO;
				SUPPORTS_MAC_DESIGNED_FOR_IPHONE_IPAD = NO;
				SWIFT_EMIT_LOC_STRINGS = YES;
				SWIFT_VERSION = 5.0;
				TARGETED_DEVICE_FAMILY = 1;
			};
			name = Debug;
		};
		BC47FF412A206313005886FE /* Release */ = {
			isa = XCBuildConfiguration;
			buildSettings = {
				ASSETCATALOG_COMPILER_APPICON_NAME = AppIcon;
				ASSETCATALOG_COMPILER_GLOBAL_ACCENT_COLOR_NAME = AccentColor;
				CODE_SIGN_STYLE = Automatic;
				CURRENT_PROJECT_VERSION = 1;
				DEVELOPMENT_ASSET_PATHS = "\"Planetary Paparazzi/Preview Content\"";
				DEVELOPMENT_TEAM = 79R644N9YX;
				ENABLE_PREVIEWS = YES;
				GENERATE_INFOPLIST_FILE = YES;
				INFOPLIST_FILE = "Planetary-Paparazzi-Info.plist";
				INFOPLIST_KEY_CFBundleDisplayName = "Planetary Paparazzi";
				INFOPLIST_KEY_UIApplicationSceneManifest_Generation = YES;
				INFOPLIST_KEY_UIApplicationSupportsIndirectInputEvents = YES;
				INFOPLIST_KEY_UILaunchScreen_Generation = YES;
				INFOPLIST_KEY_UISupportedInterfaceOrientations = UIInterfaceOrientationPortrait;
				INFOPLIST_KEY_UISupportedInterfaceOrientations_iPad = "UIInterfaceOrientationLandscapeLeft UIInterfaceOrientationLandscapeRight UIInterfaceOrientationPortrait UIInterfaceOrientationPortraitUpsideDown";
				LD_RUNPATH_SEARCH_PATHS = (
					"$(inherited)",
					"@executable_path/Frameworks",
				);
				MARKETING_VERSION = 1.0;
				PRODUCT_BUNDLE_IDENTIFIER = "jasuchicago.Planetary-Paparazzi";
				PRODUCT_NAME = "$(TARGET_NAME)";
				SUPPORTED_PLATFORMS = "iphoneos iphonesimulator";
				SUPPORTS_MACCATALYST = NO;
				SUPPORTS_MAC_DESIGNED_FOR_IPHONE_IPAD = NO;
				SWIFT_EMIT_LOC_STRINGS = YES;
				SWIFT_VERSION = 5.0;
				TARGETED_DEVICE_FAMILY = 1;
			};
			name = Release;
		};
/* End XCBuildConfiguration section */

/* Begin XCConfigurationList section */
		BC47FF2C2A206311005886FE /* Build configuration list for PBXProject "Planetary Paparazzi" */ = {
			isa = XCConfigurationList;
			buildConfigurations = (
				BC47FF3D2A206313005886FE /* Debug */,
				BC47FF3E2A206313005886FE /* Release */,
			);
			defaultConfigurationIsVisible = 0;
			defaultConfigurationName = Release;
		};
		BC47FF3F2A206313005886FE /* Build configuration list for PBXNativeTarget "Planetary Paparazzi" */ = {
			isa = XCConfigurationList;
			buildConfigurations = (
				BC47FF402A206313005886FE /* Debug */,
				BC47FF412A206313005886FE /* Release */,
			);
			defaultConfigurationIsVisible = 0;
			defaultConfigurationName = Release;
		};
/* End XCConfigurationList section */
	};
	rootObject = BC47FF292A206311005886FE /* Project object */;
}
